github.com/ngamux/ngamux v0.0.0-20210911003309-e8bd9b03c44c h1:Oue3wk46KodQeZDRe0XJ987bKpoiYUDO7GPC2GUPd1w=
github.com/ngamux/ngamux v0.0.0-20210911003309-e8bd9b03c44c/go.mod h1:V6GvzXjgxd/sJn7vkhS+QRbHkvBbmyxd9caDFdtKXQo=
github.com/ngamux/ngamux v0.0.0-20210916001513-162dc6e29fdb h1:CYMizI6auNh5TKCF/I25Dl4ZqlRk4UlRKwlmof8F/W4=
github.com/ngamux/ngamux v0.0.0-20210916001513-162dc6e29fdb/go.mod h1:V6GvzXjgxd/sJn7vkhS+QRbHkvBbmyxd9caDFdtKXQo=
