github.com/golang-must/must v1.0.0 h1:CRVPmPY30XORfNfYF5sHWB/6DFao1f580tliVUupzwc=
github.com/ngamux/middleware v0.0.0-20230224184957-9d8a61cbd79b h1:ml/nvFQSQe0cxWQQ63AWurMsoII6fAgCKXGR1CI782s=
github.com/ngamux/middleware v0.0.0-20230224184957-9d8a61cbd79b/go.mod h1:1+Aclj55p1rLWsmfpVbb6ovqnki9kjIQQGTT8TD3SLM=
